
Microsoft Visual Studio Solution File, Format Version 12.00
# Visual Studio Version 16
VisualStudioVersion = 16.0.29519.181
MinimumVisualStudioVersion = 10.0.40219.1
Project("{FAE04EC0-301F-11D3-BF4B-00C04F79EFBC}") = "settime", "settime\settime.csproj", "{55B47295-F326-4483-9100-C0B7A74CDEC9}"
EndProject
Global
	GlobalSection(SolutionConfigurationPlatforms) = preSolution
		Debug|Any CPU = Debug|Any CPU
		Release|Any CPU = Release|Any CPU
	EndGlobalSection
	GlobalSection(ProjectConfigurationPlatforms) = postSolution
		{55B47295-F326-4483-9100-C0B7A74CDEC9}.Debug|Any CPU.ActiveCfg = Debug|Any CPU
		{55B47295-F326-4483-9100-C0B7A74CDEC9}.Debug|Any CPU.Build.0 = Debug|Any CPU
		{55B47295-F326-4483-9100-C0B7A74CDEC9}.Release|Any CPU.ActiveCfg = Release|Any CPU
		{55B47295-F326-4483-9100-C0B7A74CDEC9}.Release|Any CPU.Build.0 = Release|Any CPU
	EndGlobalSection
	GlobalSection(SolutionProperties) = preSolution
		HideSolutionNode = FALSE
	EndGlobalSection
	GlobalSection(ExtensibilityGlobals) = postSolution
		SolutionGuid = {C59C0E00-4840-422F-8274-B5B5AC192EA4}
	EndGlobalSection
EndGlobal
